about:
  home: https://sourceforge.net/projects/immportflock/
  license: unknown
  summary: FLOCK - Flow Cytometry Clustering without K.
build:
  number: 2
package:
  name: flock
  version: '1.0'
requirements:
  build:
  - None
  run: null
source:
  md5: 0d4821d92847d0f9376249bec7ce8ee8
  url: https://github.com/cristhomas/immport-test/archive/12b153db8d1e0192c449296d9348d2f33d279293.tar.gz
test:
  commands:
  - flock1 2>&1| grep "Incorrect number of input parameters"
