about:
  description: Define data structures for linkage disequilibrium measures in populations.
  home: https://bioconductor.org/packages/3.22/bioc/html/ldblock.html
  license: Artistic-2.0
  summary: data structures for linkage disequilibrium measures in populations
build:
  noarch: generic
  number: 0
  rpaths:
  - lib/R/lib/
  - lib/
  run_exports: ''
package:
  name: bioconductor-ldblock
  version: 1.40.0
requirements:
  host:
  - bioconductor-biocgenerics >=0.56.0,<0.57.0
  - bioconductor-seqinfo >=1.0.0,<1.1.0
  - r-base
  - r-httr
  - r-matrix
  - r-rlang
  run:
  - bioconductor-biocgenerics >=0.56.0,<0.57.0
  - bioconductor-seqinfo >=1.0.0,<1.1.0
  - r-base
  - r-httr
  - r-matrix
  - r-rlang
source:
  md5: 5ec0e4684cb1dd381e967013c12142ef
  url:
  - https://bioconductor.org/packages/3.22/bioc/src/contrib/ldblock_1.40.0.tar.gz
  - https://bioconductor.org/packages/3.22/bioc/src/contrib/Archive/ldblock/ldblock_1.40.0.tar.gz
  - https://bioarchive.galaxyproject.org/ldblock_1.40.0.tar.gz
  - https://depot.galaxyproject.org/software/bioconductor-ldblock/bioconductor-ldblock_1.40.0_src_all.tar.gz
test:
  commands:
  - $R -e "library('ldblock')"
