about:
  description: Define data structures for linkage disequilibrium measures in populations.
  home: https://bioconductor.org/packages/3.20/bioc/html/ldblock.html
  license: Artistic-2.0
  summary: data structures for linkage disequilibrium measures in populations
build:
  noarch: generic
  number: 0
  rpaths:
  - lib/R/lib/
  - lib/
  run_exports: None
package:
  name: bioconductor-ldblock
  version: 1.36.0
requirements:
  host:
  - bioconductor-biocgenerics >=0.52.0,<0.53.0
  - r-base
  - r-httr
  - r-matrix
  - r-rlang
  run:
  - bioconductor-biocgenerics >=0.52.0,<0.53.0
  - r-base
  - r-httr
  - r-matrix
  - r-rlang
source:
  md5: 3f84d33f77d6672958a7ba420ec1ac8a
  url:
  - https://bioconductor.org/packages/3.20/bioc/src/contrib/ldblock_1.36.0.tar.gz
  - https://bioconductor.org/packages/3.20/bioc/src/contrib/Archive/ldblock/ldblock_1.36.0.tar.gz
  - https://bioarchive.galaxyproject.org/ldblock_1.36.0.tar.gz
  - https://depot.galaxyproject.org/software/bioconductor-ldblock/bioconductor-ldblock_1.36.0_src_all.tar.gz
test:
  commands:
  - $R -e "library('ldblock')"
